
Microsoft Visual Studio Solution File, Format Version 12.00
# Visual Studio Version 16
VisualStudioVersion = 16.0.30804.86
MinimumVisualStudioVersion = 10.0.40219.1
Project("{FAE04EC0-301F-11D3-BF4B-00C04F79EFBC}") = "BikeService", "BikeService.csproj", "{E56BADE0-95E1-4C08-B0F9-3F8422875F62}"
EndProject
Global
	GlobalSection(SolutionConfigurationPlatforms) = preSolution
		Debug|Any CPU = Debug|Any CPU
		Release|Any CPU = Release|Any CPU
	EndGlobalSection
	GlobalSection(ProjectConfigurationPlatforms) = postSolution
		{E56BADE0-95E1-4C08-B0F9-3F8422875F62}.Debug|Any CPU.ActiveCfg = Debug|Any CPU
		{E56BADE0-95E1-4C08-B0F9-3F8422875F62}.Debug|Any CPU.Build.0 = Debug|Any CPU
		{E56BADE0-95E1-4C08-B0F9-3F8422875F62}.Release|Any CPU.ActiveCfg = Release|Any CPU
		{E56BADE0-95E1-4C08-B0F9-3F8422875F62}.Release|Any CPU.Build.0 = Release|Any CPU
	EndGlobalSection
	GlobalSection(SolutionProperties) = preSolution
		HideSolutionNode = FALSE
	EndGlobalSection
	GlobalSection(ExtensibilityGlobals) = postSolution
		SolutionGuid = {4324E564-DD0D-4467-8CE0-39C2951E8E8C}
	EndGlobalSection
EndGlobal
